// !$*UTF8*$!
{
	archiveVersion = 1;
	classes = {
	};
	objectVersion = 46;
	objects = {

/* Begin PBXBuildFile section */
		3C012A441D42068800841A96 /* SightPlayerViewController.m in Sources */ = {isa = PBXBuildFile; fileRef = 3C012A431D42068800841A96 /* SightPlayerViewController.m */; };
		3C012A4A1D4218A000841A96 /* TXHRrettyRuler.m in Sources */ = {isa = PBXBuildFile; fileRef = 3C012A471D4218A000841A96 /* TXHRrettyRuler.m */; };
		3C012A4B1D4218A000841A96 /* TXHRulerScrollView.m in Sources */ = {isa = PBXBuildFile; fileRef = 3C012A491D4218A000841A96 /* TXHRulerScrollView.m */; };
		3C4FF4D61D35ED5200FE3FFF /* UIView+SWUtility.m in Sources */ = {isa = PBXBuildFile; fileRef = 3C4FF4CD1D35ED5200FE3FFF /* UIView+SWUtility.m */; };
		3C4FF4D71D35ED5200FE3FFF /* SWImagePlayer.m in Sources */ = {isa = PBXBuildFile; fileRef = 3C4FF4D01D35ED5200FE3FFF /* SWImagePlayer.m */; };
		3C4FF4D81D35ED5200FE3FFF /* SWPlayer.m in Sources */ = {isa = PBXBuildFile; fileRef = 3C4FF4D41D35ED5200FE3FFF /* SWPlayer.m */; };
		3C4FF4D91D35ED5200FE3FFF /* SWPlayer.xib in Resources */ = {isa = PBXBuildFile; fileRef = 3C4FF4D51D35ED5200FE3FFF /* SWPlayer.xib */; };
		3C4FF4DC1D35ED8600FE3FFF /* SWMoivePlayer.m in Sources */ = {isa = PBXBuildFile; fileRef = 3C4FF4DB1D35ED8600FE3FFF /* SWMoivePlayer.m */; };
		3C5AC2A61D2F922000822DD6 /* main.m in Sources */ = {isa = PBXBuildFile; fileRef = 3C5AC2A51D2F922000822DD6 /* main.m */; };
		3C5AC2A91D2F922000822DD6 /* AppDelegate.m in Sources */ = {isa = PBXBuildFile; fileRef = 3C5AC2A81D2F922000822DD6 /* AppDelegate.m */; };
		3C5AC2AC1D2F922000822DD6 /* ViewController.m in Sources */ = {isa = PBXBuildFile; fileRef = 3C5AC2AB1D2F922000822DD6 /* ViewController.m */; };
		3C5AC2AF1D2F922000822DD6 /* Main.storyboard in Resources */ = {isa = PBXBuildFile; fileRef = 3C5AC2AD1D2F922000822DD6 /* Main.storyboard */; };
		3C5AC2B11D2F922000822DD6 /* Assets.xcassets in Resources */ = {isa = PBXBuildFile; fileRef = 3C5AC2B01D2F922000822DD6 /* Assets.xcassets */; };
		3C5AC2B41D2F922000822DD6 /* LaunchScreen.storyboard in Resources */ = {isa = PBXBuildFile; fileRef = 3C5AC2B21D2F922000822DD6 /* LaunchScreen.storyboard */; };
		3CBE48A61D3DD9C500666AEF /* Info.plist in Resources */ = {isa = PBXBuildFile; fileRef = 3CBE488E1D3DD9C500666AEF /* Info.plist */; };
		3CBE48A71D3DD9C500666AEF /* MASCompositeConstraint.m in Sources */ = {isa = PBXBuildFile; fileRef = 3CBE48901D3DD9C500666AEF /* MASCompositeConstraint.m */; };
		3CBE48A81D3DD9C500666AEF /* MASConstraint.m in Sources */ = {isa = PBXBuildFile; fileRef = 3CBE48931D3DD9C500666AEF /* MASConstraint.m */; };
		3CBE48A91D3DD9C500666AEF /* MASConstraintMaker.m in Sources */ = {isa = PBXBuildFile; fileRef = 3CBE48951D3DD9C500666AEF /* MASConstraintMaker.m */; };
		3CBE48AA1D3DD9C500666AEF /* MASLayoutConstraint.m in Sources */ = {isa = PBXBuildFile; fileRef = 3CBE48971D3DD9C500666AEF /* MASLayoutConstraint.m */; };
		3CBE48AB1D3DD9C500666AEF /* MASViewAttribute.m in Sources */ = {isa = PBXBuildFile; fileRef = 3CBE489B1D3DD9C500666AEF /* MASViewAttribute.m */; };
		3CBE48AC1D3DD9C500666AEF /* MASViewConstraint.m in Sources */ = {isa = PBXBuildFile; fileRef = 3CBE489D1D3DD9C500666AEF /* MASViewConstraint.m */; };
		3CBE48AD1D3DD9C500666AEF /* NSArray+MASAdditions.m in Sources */ = {isa = PBXBuildFile; fileRef = 3CBE489F1D3DD9C500666AEF /* NSArray+MASAdditions.m */; };
		3CBE48AE1D3DD9C500666AEF /* NSLayoutConstraint+MASDebugAdditions.m in Sources */ = {isa = PBXBuildFile; fileRef = 3CBE48A21D3DD9C500666AEF /* NSLayoutConstraint+MASDebugAdditions.m */; };
		3CBE48AF1D3DD9C500666AEF /* View+MASAdditions.m in Sources */ = {isa = PBXBuildFile; fileRef = 3CBE48A41D3DD9C500666AEF /* View+MASAdditions.m */; };
		3CDAD8901D389BB4003EBC68 /* NYPopover.m in Sources */ = {isa = PBXBuildFile; fileRef = 3CDAD88D1D389BB4003EBC68 /* NYPopover.m */; };
		3CDAD8911D389BB4003EBC68 /* NYSliderPopover.m in Sources */ = {isa = PBXBuildFile; fileRef = 3CDAD88F1D389BB4003EBC68 /* NYSliderPopover.m */; };
		3CEB153C1D3F1CF9003F2D37 /* ASValuePopUpView.m in Sources */ = {isa = PBXBuildFile; fileRef = 3CEB15391D3F1CF9003F2D37 /* ASValuePopUpView.m */; };
		3CEB153D1D3F1CF9003F2D37 /* ASValueTrackingSlider.m in Sources */ = {isa = PBXBuildFile; fileRef = 3CEB153B1D3F1CF9003F2D37 /* ASValueTrackingSlider.m */; };
		3CEB15421D3F20A8003F2D37 /* TTRangeSlider.m in Sources */ = {isa = PBXBuildFile; fileRef = 3CEB15401D3F20A8003F2D37 /* TTRangeSlider.m */; };
/* End PBXBuildFile section */

/* Begin PBXFileReference section */
		3C012A421D42068800841A96 /* SightPlayerViewController.h */ = {isa = PBXFileReference; fileEncoding = 4; lastKnownFileType = sourcecode.c.h; path = SightPlayerViewController.h; sourceTree = "<group>"; };
		3C012A431D42068800841A96 /* SightPlayerViewController.m */ = {isa = PBXFileReference; fileEncoding = 4; lastKnownFileType = sourcecode.c.objc; path = SightPlayerViewController.m; sourceTree = "<group>"; };
		3C012A461D4218A000841A96 /* TXHRrettyRuler.h */ = {isa = PBXFileReference; fileEncoding = 4; lastKnownFileType = sourcecode.c.h; path = TXHRrettyRuler.h; sourceTree = "<group>"; };
		3C012A471D4218A000841A96 /* TXHRrettyRuler.m */ = {isa = PBXFileReference; fileEncoding = 4; lastKnownFileType = sourcecode.c.objc; path = TXHRrettyRuler.m; sourceTree = "<group>"; };
		3C012A481D4218A000841A96 /* TXHRulerScrollView.h */ = {isa = PBXFileReference; fileEncoding = 4; lastKnownFileType = sourcecode.c.h; path = TXHRulerScrollView.h; sourceTree = "<group>"; };
		3C012A491D4218A000841A96 /* TXHRulerScrollView.m */ = {isa = PBXFileReference; fileEncoding = 4; lastKnownFileType = sourcecode.c.objc; path = TXHRulerScrollView.m; sourceTree = "<group>"; };
		3C4FF4CC1D35ED5200FE3FFF /* UIView+SWUtility.h */ = {isa = PBXFileReference; fileEncoding = 4; lastKnownFileType = sourcecode.c.h; path = "UIView+SWUtility.h"; sourceTree = "<group>"; };
		3C4FF4CD1D35ED5200FE3FFF /* UIView+SWUtility.m */ = {isa = PBXFileReference; fileEncoding = 4; lastKnownFileType = sourcecode.c.objc; path = "UIView+SWUtility.m"; sourceTree = "<group>"; };
		3C4FF4CF1D35ED5200FE3FFF /* SWImagePlayer.h */ = {isa = PBXFileReference; fileEncoding = 4; lastKnownFileType = sourcecode.c.h; path = SWImagePlayer.h; sourceTree = "<group>"; };
		3C4FF4D01D35ED5200FE3FFF /* SWImagePlayer.m */ = {isa = PBXFileReference; fileEncoding = 4; lastKnownFileType = sourcecode.c.objc; path = SWImagePlayer.m; sourceTree = "<group>"; };
		3C4FF4D31D35ED5200FE3FFF /* SWPlayer.h */ = {isa = PBXFileReference; fileEncoding = 4; lastKnownFileType = sourcecode.c.h; path = SWPlayer.h; sourceTree = "<group>"; };
		3C4FF4D41D35ED5200FE3FFF /* SWPlayer.m */ = {isa = PBXFileReference; fileEncoding = 4; lastKnownFileType = sourcecode.c.objc; path = SWPlayer.m; sourceTree = "<group>"; };
		3C4FF4D51D35ED5200FE3FFF /* SWPlayer.xib */ = {isa = PBXFileReference; fileEncoding = 4; lastKnownFileType = file.xib; path = SWPlayer.xib; sourceTree = "<group>"; };
		3C4FF4DA1D35ED8600FE3FFF /* SWMoivePlayer.h */ = {isa = PBXFileReference; fileEncoding = 4; lastKnownFileType = sourcecode.c.h; path = SWMoivePlayer.h; sourceTree = "<group>"; };
		3C4FF4DB1D35ED8600FE3FFF /* SWMoivePlayer.m */ = {isa = PBXFileReference; fileEncoding = 4; lastKnownFileType = sourcecode.c.objc; path = SWMoivePlayer.m; sourceTree = "<group>"; };
		3C5AC2A11D2F922000822DD6 /* videoZhenLv.app */ = {isa = PBXFileReference; explicitFileType = wrapper.application; includeInIndex = 0; path = videoZhenLv.app; sourceTree = BUILT_PRODUCTS_DIR; };
		3C5AC2A51D2F922000822DD6 /* main.m */ = {isa = PBXFileReference; lastKnownFileType = sourcecode.c.objc; path = main.m; sourceTree = "<group>"; };
		3C5AC2A71D2F922000822DD6 /* AppDelegate.h */ = {isa = PBXFileReference; lastKnownFileType = sourcecode.c.h; path = AppDelegate.h; sourceTree = "<group>"; };
		3C5AC2A81D2F922000822DD6 /* AppDelegate.m */ = {isa = PBXFileReference; lastKnownFileType = sourcecode.c.objc; path = AppDelegate.m; sourceTree = "<group>"; };
		3C5AC2AA1D2F922000822DD6 /* ViewController.h */ = {isa = PBXFileReference; lastKnownFileType = sourcecode.c.h; path = ViewController.h; sourceTree = "<group>"; };
		3C5AC2AB1D2F922000822DD6 /* ViewController.m */ = {isa = PBXFileReference; lastKnownFileType = sourcecode.c.objc; path = ViewController.m; sourceTree = "<group>"; };
		3C5AC2AE1D2F922000822DD6 /* Base */ = {isa = PBXFileReference; lastKnownFileType = file.storyboard; name = Base; path = Base.lproj/Main.storyboard; sourceTree = "<group>"; };
		3C5AC2B01D2F922000822DD6 /* Assets.xcassets */ = {isa = PBXFileReference; lastKnownFileType = folder.assetcatalog; path = Assets.xcassets; sourceTree = "<group>"; };
		3C5AC2B31D2F922000822DD6 /* Base */ = {isa = PBXFileReference; lastKnownFileType = file.storyboard; name = Base; path = Base.lproj/LaunchScreen.storyboard; sourceTree = "<group>"; };
		3C5AC2B51D2F922000822DD6 /* Info.plist */ = {isa = PBXFileReference; lastKnownFileType = text.plist.xml; path = Info.plist; sourceTree = "<group>"; };
		3CBE488E1D3DD9C500666AEF /* Info.plist */ = {isa = PBXFileReference; fileEncoding = 4; lastKnownFileType = text.plist.xml; path = Info.plist; sourceTree = "<group>"; };
		3CBE488F1D3DD9C500666AEF /* MASCompositeConstraint.h */ = {isa = PBXFileReference; fileEncoding = 4; lastKnownFileType = sourcecode.c.h; path = MASCompositeConstraint.h; sourceTree = "<group>"; };
		3CBE48901D3DD9C500666AEF /* MASCompositeConstraint.m */ = {isa = PBXFileReference; fileEncoding = 4; lastKnownFileType = sourcecode.c.objc; path = MASCompositeConstraint.m; sourceTree = "<group>"; };
		3CBE48911D3DD9C500666AEF /* MASConstraint+Private.h */ = {isa = PBXFileReference; fileEncoding = 4; lastKnownFileType = sourcecode.c.h; path = "MASConstraint+Private.h"; sourceTree = "<group>"; };
		3CBE48921D3DD9C500666AEF /* MASConstraint.h */ = {isa = PBXFileReference; fileEncoding = 4; lastKnownFileType = sourcecode.c.h; path = MASConstraint.h; sourceTree = "<group>"; };
		3CBE48931D3DD9C500666AEF /* MASConstraint.m */ = {isa = PBXFileReference; fileEncoding = 4; lastKnownFileType = sourcecode.c.objc; path = MASConstraint.m; sourceTree = "<group>"; };
		3CBE48941D3DD9C500666AEF /* MASConstraintMaker.h */ = {isa = PBXFileReference; fileEncoding = 4; lastKnownFileType = sourcecode.c.h; path = MASConstraintMaker.h; sourceTree = "<group>"; };
		3CBE48951D3DD9C500666AEF /* MASConstraintMaker.m */ = {isa = PBXFileReference; fileEncoding = 4; lastKnownFileType = sourcecode.c.objc; path = MASConstraintMaker.m; sourceTree = "<group>"; };
		3CBE48961D3DD9C500666AEF /* MASLayoutConstraint.h */ = {isa = PBXFileReference; fileEncoding = 4; lastKnownFileType = sourcecode.c.h; path = MASLayoutConstraint.h; sourceTree = "<group>"; };
		3CBE48971D3DD9C500666AEF /* MASLayoutConstraint.m */ = {isa = PBXFileReference; fileEncoding = 4; lastKnownFileType = sourcecode.c.objc; path = MASLayoutConstraint.m; sourceTree = "<group>"; };
		3CBE48981D3DD9C500666AEF /* Masonry.h */ = {isa = PBXFileReference; fileEncoding = 4; lastKnownFileType = sourcecode.c.h; path = Masonry.h; sourceTree = "<group>"; };
		3CBE48991D3DD9C500666AEF /* MASUtilities.h */ = {isa = PBXFileReference; fileEncoding = 4; lastKnownFileType = sourcecode.c.h; path = MASUtilities.h; sourceTree = "<group>"; };
		3CBE489A1D3DD9C500666AEF /* MASViewAttribute.h */ = {isa = PBXFileReference; fileEncoding = 4; lastKnownFileType = sourcecode.c.h; path = MASViewAttribute.h; sourceTree = "<group>"; };
		3CBE489B1D3DD9C500666AEF /* MASViewAttribute.m */ = {isa = PBXFileReference; fileEncoding = 4; lastKnownFileType = sourcecode.c.objc; path = MASViewAttribute.m; sourceTree = "<group>"; };
		3CBE489C1D3DD9C500666AEF /* MASViewConstraint.h */ = {isa = PBXFileReference; fileEncoding = 4; lastKnownFileType = sourcecode.c.h; path = MASViewConstraint.h; sourceTree = "<group>"; };
		3CBE489D1D3DD9C500666AEF /* MASViewConstraint.m */ = {isa = PBXFileReference; fileEncoding = 4; lastKnownFileType = sourcecode.c.objc; path = MASViewConstraint.m; sourceTree = "<group>"; };
		3CBE489E1D3DD9C500666AEF /* NSArray+MASAdditions.h */ = {isa = PBXFileReference; fileEncoding = 4; lastKnownFileType = sourcecode.c.h; path = "NSArray+MASAdditions.h"; sourceTree = "<group>"; };
		3CBE489F1D3DD9C500666AEF /* NSArray+MASAdditions.m */ = {isa = PBXFileReference; fileEncoding = 4; lastKnownFileType = sourcecode.c.objc; path = "NSArray+MASAdditions.m"; sourceTree = "<group>"; };
		3CBE48A01D3DD9C500666AEF /* NSArray+MASShorthandAdditions.h */ = {isa = PBXFileReference; fileEncoding = 4; lastKnownFileType = sourcecode.c.h; path = "NSArray+MASShorthandAdditions.h"; sourceTree = "<group>"; };
		3CBE48A11D3DD9C500666AEF /* NSLayoutConstraint+MASDebugAdditions.h */ = {isa = PBXFileReference; fileEncoding = 4; lastKnownFileType = sourcecode.c.h; path = "NSLayoutConstraint+MASDebugAdditions.h"; sourceTree = "<group>"; };
		3CBE48A21D3DD9C500666AEF /* NSLayoutConstraint+MASDebugAdditions.m */ = {isa = PBXFileReference; fileEncoding = 4; lastKnownFileType = sourcecode.c.objc; path = "NSLayoutConstraint+MASDebugAdditions.m"; sourceTree = "<group>"; };
		3CBE48A31D3DD9C500666AEF /* View+MASAdditions.h */ = {isa = PBXFileReference; fileEncoding = 4; lastKnownFileType = sourcecode.c.h; path = "View+MASAdditions.h"; sourceTree = "<group>"; };
		3CBE48A41D3DD9C500666AEF /* View+MASAdditions.m */ = {isa = PBXFileReference; fileEncoding = 4; lastKnownFileType = sourcecode.c.objc; path = "View+MASAdditions.m"; sourceTree = "<group>"; };
		3CBE48A51D3DD9C500666AEF /* View+MASShorthandAdditions.h */ = {isa = PBXFileReference; fileEncoding = 4; lastKnownFileType = sourcecode.c.h; path = "View+MASShorthandAdditions.h"; sourceTree = "<group>"; };
		3CDAD88C1D389BB4003EBC68 /* NYPopover.h */ = {isa = PBXFileReference; fileEncoding = 4; lastKnownFileType = sourcecode.c.h; path = NYPopover.h; sourceTree = "<group>"; };
		3CDAD88D1D389BB4003EBC68 /* NYPopover.m */ = {isa = PBXFileReference; fileEncoding = 4; lastKnownFileType = sourcecode.c.objc; path = NYPopover.m; sourceTree = "<group>"; };
		3CDAD88E1D389BB4003EBC68 /* NYSliderPopover.h */ = {isa = PBXFileReference; fileEncoding = 4; lastKnownFileType = sourcecode.c.h; path = NYSliderPopover.h; sourceTree = "<group>"; };
		3CDAD88F1D389BB4003EBC68 /* NYSliderPopover.m */ = {isa = PBXFileReference; fileEncoding = 4; lastKnownFileType = sourcecode.c.objc; path = NYSliderPopover.m; sourceTree = "<group>"; };
		3CEB15381D3F1CF9003F2D37 /* ASValuePopUpView.h */ = {isa = PBXFileReference; fileEncoding = 4; lastKnownFileType = sourcecode.c.h; path = ASValuePopUpView.h; sourceTree = "<group>"; };
		3CEB15391D3F1CF9003F2D37 /* ASValuePopUpView.m */ = {isa = PBXFileReference; fileEncoding = 4; lastKnownFileType = sourcecode.c.objc; path = ASValuePopUpView.m; sourceTree = "<group>"; };
		3CEB153A1D3F1CF9003F2D37 /* ASValueTrackingSlider.h */ = {isa = PBXFileReference; fileEncoding = 4; lastKnownFileType = sourcecode.c.h; path = ASValueTrackingSlider.h; sourceTree = "<group>"; };
		3CEB153B1D3F1CF9003F2D37 /* ASValueTrackingSlider.m */ = {isa = PBXFileReference; fileEncoding = 4; lastKnownFileType = sourcecode.c.objc; path = ASValueTrackingSlider.m; sourceTree = "<group>"; };
		3CEB153F1D3F20A8003F2D37 /* TTRangeSlider.h */ = {isa = PBXFileReference; fileEncoding = 4; lastKnownFileType = sourcecode.c.h; path = TTRangeSlider.h; sourceTree = "<group>"; };
		3CEB15401D3F20A8003F2D37 /* TTRangeSlider.m */ = {isa = PBXFileReference; fileEncoding = 4; lastKnownFileType = sourcecode.c.objc; path = TTRangeSlider.m; sourceTree = "<group>"; };
		3CEB15411D3F20A8003F2D37 /* TTRangeSliderDelegate.h */ = {isa = PBXFileReference; fileEncoding = 4; lastKnownFileType = sourcecode.c.h; path = TTRangeSliderDelegate.h; sourceTree = "<group>"; };
/* End PBXFileReference section */

/* Begin PBXFrameworksBuildPhase section */
		3C5AC29E1D2F922000822DD6 /* Frameworks */ = {
			isa = PBXFrameworksBuildPhase;
			buildActionMask = 2147483647;
			files = (
			);
			runOnlyForDeploymentPostprocessing = 0;
		};
/* End PBXFrameworksBuildPhase section */

/* Begin PBXGroup section */
		3C012A451D4218A000841A96 /* PrettyRulerClass */ = {
			isa = PBXGroup;
			children = (
				3C012A461D4218A000841A96 /* TXHRrettyRuler.h */,
				3C012A471D4218A000841A96 /* TXHRrettyRuler.m */,
				3C012A481D4218A000841A96 /* TXHRulerScrollView.h */,
				3C012A491D4218A000841A96 /* TXHRulerScrollView.m */,
			);
			name = PrettyRulerClass;
			path = ../PrettyRulerClass;
			sourceTree = "<group>";
		};
		3C4FF4CA1D35ED5200FE3FFF /* Player */ = {
			isa = PBXGroup;
			children = (
				3C012A451D4218A000841A96 /* PrettyRulerClass */,
				3CDAD88B1D389BB4003EBC68 /* NYSliderPopover */,
				3C4FF4CB1D35ED5200FE3FFF /* SWFrame */,
				3C4FF4CE1D35ED5200FE3FFF /* SWImagePlayer */,
				3C4FF4D11D35ED5200FE3FFF /* SWMoivePlayer */,
				3C4FF4D21D35ED5200FE3FFF /* SWPlayer */,
			);
			path = Player;
			sourceTree = "<group>";
		};
		3C4FF4CB1D35ED5200FE3FFF /* SWFrame */ = {
			isa = PBXGroup;
			children = (
				3C4FF4CC1D35ED5200FE3FFF /* UIView+SWUtility.h */,
				3C4FF4CD1D35ED5200FE3FFF /* UIView+SWUtility.m */,
			);
			path = SWFrame;
			sourceTree = "<group>";
		};
		3C4FF4CE1D35ED5200FE3FFF /* SWImagePlayer */ = {
			isa = PBXGroup;
			children = (
				3C4FF4CF1D35ED5200FE3FFF /* SWImagePlayer.h */,
				3C4FF4D01D35ED5200FE3FFF /* SWImagePlayer.m */,
			);
			path = SWImagePlayer;
			sourceTree = "<group>";
		};
		3C4FF4D11D35ED5200FE3FFF /* SWMoivePlayer */ = {
			isa = PBXGroup;
			children = (
				3C4FF4DA1D35ED8600FE3FFF /* SWMoivePlayer.h */,
				3C4FF4DB1D35ED8600FE3FFF /* SWMoivePlayer.m */,
			);
			path = SWMoivePlayer;
			sourceTree = "<group>";
		};
		3C4FF4D21D35ED5200FE3FFF /* SWPlayer */ = {
			isa = PBXGroup;
			children = (
				3C4FF4D31D35ED5200FE3FFF /* SWPlayer.h */,
				3C4FF4D41D35ED5200FE3FFF /* SWPlayer.m */,
				3C4FF4D51D35ED5200FE3FFF /* SWPlayer.xib */,
			);
			path = SWPlayer;
			sourceTree = "<group>";
		};
		3C5AC2981D2F922000822DD6 = {
			isa = PBXGroup;
			children = (
				3C5AC2A31D2F922000822DD6 /* videoZhenLv */,
				3C5AC2A21D2F922000822DD6 /* Products */,
			);
			sourceTree = "<group>";
		};
		3C5AC2A21D2F922000822DD6 /* Products */ = {
			isa = PBXGroup;
			children = (
				3C5AC2A11D2F922000822DD6 /* videoZhenLv.app */,
			);
			name = Products;
			sourceTree = "<group>";
		};
		3C5AC2A31D2F922000822DD6 /* videoZhenLv */ = {
			isa = PBXGroup;
			children = (
				3CEB153E1D3F20A8003F2D37 /* TTRangerSlider */,
				3CEB15371D3F1CF9003F2D37 /* ASValueTrackingSlider */,
				3CBE488D1D3DD9C500666AEF /* Masonry */,
				3C4FF4CA1D35ED5200FE3FFF /* Player */,
				3C5AC2A71D2F922000822DD6 /* AppDelegate.h */,
				3C5AC2A81D2F922000822DD6 /* AppDelegate.m */,
				3C5AC2AA1D2F922000822DD6 /* ViewController.h */,
				3C5AC2AB1D2F922000822DD6 /* ViewController.m */,
				3C012A421D42068800841A96 /* SightPlayerViewController.h */,
				3C012A431D42068800841A96 /* SightPlayerViewController.m */,
				3C5AC2AD1D2F922000822DD6 /* Main.storyboard */,
				3C5AC2B01D2F922000822DD6 /* Assets.xcassets */,
				3C5AC2B21D2F922000822DD6 /* LaunchScreen.storyboard */,
				3C5AC2B51D2F922000822DD6 /* Info.plist */,
				3C5AC2A41D2F922000822DD6 /* Supporting Files */,
			);
			path = videoZhenLv;
			sourceTree = "<group>";
		};
		3C5AC2A41D2F922000822DD6 /* Supporting Files */ = {
			isa = PBXGroup;
			children = (
				3C5AC2A51D2F922000822DD6 /* main.m */,
			);
			name = "Supporting Files";
			sourceTree = "<group>";
		};
		3CBE488D1D3DD9C500666AEF /* Masonry */ = {
			isa = PBXGroup;
			children = (
				3CBE488E1D3DD9C500666AEF /* Info.plist */,
				3CBE488F1D3DD9C500666AEF /* MASCompositeConstraint.h */,
				3CBE48901D3DD9C500666AEF /* MASCompositeConstraint.m */,
				3CBE48911D3DD9C500666AEF /* MASConstraint+Private.h */,
				3CBE48921D3DD9C500666AEF /* MASConstraint.h */,
				3CBE48931D3DD9C500666AEF /* MASConstraint.m */,
				3CBE48941D3DD9C500666AEF /* MASConstraintMaker.h */,
				3CBE48951D3DD9C500666AEF /* MASConstraintMaker.m */,
				3CBE48961D3DD9C500666AEF /* MASLayoutConstraint.h */,
				3CBE48971D3DD9C500666AEF /* MASLayoutConstraint.m */,
				3CBE48981D3DD9C500666AEF /* Masonry.h */,
				3CBE48991D3DD9C500666AEF /* MASUtilities.h */,
				3CBE489A1D3DD9C500666AEF /* MASViewAttribute.h */,
				3CBE489B1D3DD9C500666AEF /* MASViewAttribute.m */,
				3CBE489C1D3DD9C500666AEF /* MASViewConstraint.h */,
				3CBE489D1D3DD9C500666AEF /* MASViewConstraint.m */,
				3CBE489E1D3DD9C500666AEF /* NSArray+MASAdditions.h */,
				3CBE489F1D3DD9C500666AEF /* NSArray+MASAdditions.m */,
				3CBE48A01D3DD9C500666AEF /* NSArray+MASShorthandAdditions.h */,
				3CBE48A11D3DD9C500666AEF /* NSLayoutConstraint+MASDebugAdditions.h */,
				3CBE48A21D3DD9C500666AEF /* NSLayoutConstraint+MASDebugAdditions.m */,
				3CBE48A31D3DD9C500666AEF /* View+MASAdditions.h */,
				3CBE48A41D3DD9C500666AEF /* View+MASAdditions.m */,
				3CBE48A51D3DD9C500666AEF /* View+MASShorthandAdditions.h */,
			);
			path = Masonry;
			sourceTree = "<group>";
		};
		3CDAD88B1D389BB4003EBC68 /* NYSliderPopover */ = {
			isa = PBXGroup;
			children = (
				3CDAD88C1D389BB4003EBC68 /* NYPopover.h */,
				3CDAD88D1D389BB4003EBC68 /* NYPopover.m */,
				3CDAD88E1D389BB4003EBC68 /* NYSliderPopover.h */,
				3CDAD88F1D389BB4003EBC68 /* NYSliderPopover.m */,
			);
			path = NYSliderPopover;
			sourceTree = "<group>";
		};
		3CEB15371D3F1CF9003F2D37 /* ASValueTrackingSlider */ = {
			isa = PBXGroup;
			children = (
				3CEB15381D3F1CF9003F2D37 /* ASValuePopUpView.h */,
				3CEB15391D3F1CF9003F2D37 /* ASValuePopUpView.m */,
				3CEB153A1D3F1CF9003F2D37 /* ASValueTrackingSlider.h */,
				3CEB153B1D3F1CF9003F2D37 /* ASValueTrackingSlider.m */,
			);
			path = ASValueTrackingSlider;
			sourceTree = "<group>";
		};
		3CEB153E1D3F20A8003F2D37 /* TTRangerSlider */ = {
			isa = PBXGroup;
			children = (
				3CEB153F1D3F20A8003F2D37 /* TTRangeSlider.h */,
				3CEB15401D3F20A8003F2D37 /* TTRangeSlider.m */,
				3CEB15411D3F20A8003F2D37 /* TTRangeSliderDelegate.h */,
			);
			name = TTRangerSlider;
			path = Classes;
			sourceTree = "<group>";
		};
/* End PBXGroup section */

/* Begin PBXNativeTarget section */
		3C5AC2A01D2F922000822DD6 /* videoZhenLv */ = {
			isa = PBXNativeTarget;
			buildConfigurationList = 3C5AC2B81D2F922000822DD6 /* Build configuration list for PBXNativeTarget "videoZhenLv" */;
			buildPhases = (
				3C5AC29D1D2F922000822DD6 /* Sources */,
				3C5AC29E1D2F922000822DD6 /* Frameworks */,
				3C5AC29F1D2F922000822DD6 /* Resources */,
			);
			buildRules = (
			);
			dependencies = (
			);
			name = videoZhenLv;
			productName = videoZhenLv;
			productReference = 3C5AC2A11D2F922000822DD6 /* videoZhenLv.app */;
			productType = "com.apple.product-type.application";
		};
/* End PBXNativeTarget section */

/* Begin PBXProject section */
		3C5AC2991D2F922000822DD6 /* Project object */ = {
			isa = PBXProject;
			attributes = {
				LastUpgradeCheck = 0730;
				ORGANIZATIONNAME = "ShingWai帅威";
				TargetAttributes = {
					3C5AC2A01D2F922000822DD6 = {
						CreatedOnToolsVersion = 7.3.1;
						DevelopmentTeam = G9BHVG522U;
					};
				};
			};
			buildConfigurationList = 3C5AC29C1D2F922000822DD6 /* Build configuration list for PBXProject "videoZhenLv" */;
			compatibilityVersion = "Xcode 3.2";
			developmentRegion = English;
			hasScannedForEncodings = 0;
			knownRegions = (
				en,
				Base,
			);
			mainGroup = 3C5AC2981D2F922000822DD6;
			productRefGroup = 3C5AC2A21D2F922000822DD6 /* Products */;
			projectDirPath = "";
			projectRoot = "";
			targets = (
				3C5AC2A01D2F922000822DD6 /* videoZhenLv */,
			);
		};
/* End PBXProject section */

/* Begin PBXResourcesBuildPhase section */
		3C5AC29F1D2F922000822DD6 /* Resources */ = {
			isa = PBXResourcesBuildPhase;
			buildActionMask = 2147483647;
			files = (
				3C4FF4D91D35ED5200FE3FFF /* SWPlayer.xib in Resources */,
				3C5AC2B41D2F922000822DD6 /* LaunchScreen.storyboard in Resources */,
				3C5AC2B11D2F922000822DD6 /* Assets.xcassets in Resources */,
				3CBE48A61D3DD9C500666AEF /* Info.plist in Resources */,
				3C5AC2AF1D2F922000822DD6 /* Main.storyboard in Resources */,
			);
			runOnlyForDeploymentPostprocessing = 0;
		};
/* End PBXResourcesBuildPhase section */

/* Begin PBXSourcesBuildPhase section */
		3C5AC29D1D2F922000822DD6 /* Sources */ = {
			isa = PBXSourcesBuildPhase;
			buildActionMask = 2147483647;
			files = (
				3CBE48AF1D3DD9C500666AEF /* View+MASAdditions.m in Sources */,
				3CEB153C1D3F1CF9003F2D37 /* ASValuePopUpView.m in Sources */,
				3C4FF4DC1D35ED8600FE3FFF /* SWMoivePlayer.m in Sources */,
				3C4FF4D81D35ED5200FE3FFF /* SWPlayer.m in Sources */,
				3C4FF4D71D35ED5200FE3FFF /* SWImagePlayer.m in Sources */,
				3CDAD8901D389BB4003EBC68 /* NYPopover.m in Sources */,
				3C5AC2AC1D2F922000822DD6 /* ViewController.m in Sources */,
				3CBE48AB1D3DD9C500666AEF /* MASViewAttribute.m in Sources */,
				3CBE48A71D3DD9C500666AEF /* MASCompositeConstraint.m in Sources */,
				3C5AC2A91D2F922000822DD6 /* AppDelegate.m in Sources */,
				3C5AC2A61D2F922000822DD6 /* main.m in Sources */,
				3CBE48A91D3DD9C500666AEF /* MASConstraintMaker.m in Sources */,
				3CBE48A81D3DD9C500666AEF /* MASConstraint.m in Sources */,
				3C012A441D42068800841A96 /* SightPlayerViewController.m in Sources */,
				3CBE48AE1D3DD9C500666AEF /* NSLayoutConstraint+MASDebugAdditions.m in Sources */,
				3C012A4A1D4218A000841A96 /* TXHRrettyRuler.m in Sources */,
				3CBE48AA1D3DD9C500666AEF /* MASLayoutConstraint.m in Sources */,
				3CBE48AD1D3DD9C500666AEF /* NSArray+MASAdditions.m in Sources */,
				3CEB153D1D3F1CF9003F2D37 /* ASValueTrackingSlider.m in Sources */,
				3CEB15421D3F20A8003F2D37 /* TTRangeSlider.m in Sources */,
				3C4FF4D61D35ED5200FE3FFF /* UIView+SWUtility.m in Sources */,
				3CDAD8911D389BB4003EBC68 /* NYSliderPopover.m in Sources */,
				3CBE48AC1D3DD9C500666AEF /* MASViewConstraint.m in Sources */,
				3C012A4B1D4218A000841A96 /* TXHRulerScrollView.m in Sources */,
			);
			runOnlyForDeploymentPostprocessing = 0;
		};
/* End PBXSourcesBuildPhase section */

/* Begin PBXVariantGroup section */
		3C5AC2AD1D2F922000822DD6 /* Main.storyboard */ = {
			isa = PBXVariantGroup;
			children = (
				3C5AC2AE1D2F922000822DD6 /* Base */,
			);
			name = Main.storyboard;
			sourceTree = "<group>";
		};
		3C5AC2B21D2F922000822DD6 /* LaunchScreen.storyboard */ = {
			isa = PBXVariantGroup;
			children = (
				3C5AC2B31D2F922000822DD6 /* Base */,
			);
			name = LaunchScreen.storyboard;
			sourceTree = "<group>";
		};
/* End PBXVariantGroup section */

/* Begin XCBuildConfiguration section */
		3C5AC2B61D2F922000822DD6 /* Debug */ = {
			isa = XCBuildConfiguration;
			buildSettings = {
				ALWAYS_SEARCH_USER_PATHS = NO;
				CLANG_ANALYZER_NONNULL = YES;
				CLANG_CXX_LANGUAGE_STANDARD = "gnu++0x";
				CLANG_CXX_LIBRARY = "libc++";
				CLANG_ENABLE_MODULES = YES;
				CLANG_ENABLE_OBJC_ARC = YES;
				CLANG_WARN_BOOL_CONVERSION = YES;
				CLANG_WARN_CONSTANT_CONVERSION = YES;
				CLANG_WARN_DIRECT_OBJC_ISA_USAGE = YES_ERROR;
				CLANG_WARN_EMPTY_BODY = YES;
				CLANG_WARN_ENUM_CONVERSION = YES;
				CLANG_WARN_INT_CONVERSION = YES;
				CLANG_WARN_OBJC_ROOT_CLASS = YES_ERROR;
				CLANG_WARN_UNREACHABLE_CODE = YES;
				CLANG_WARN__DUPLICATE_METHOD_MATCH = YES;
				"CODE_SIGN_IDENTITY[sdk=iphoneos*]" = "iPhone Developer";
				COPY_PHASE_STRIP = NO;
				DEBUG_INFORMATION_FORMAT = dwarf;
				ENABLE_STRICT_OBJC_MSGSEND = YES;
				ENABLE_TESTABILITY = YES;
				GCC_C_LANGUAGE_STANDARD = gnu99;
				GCC_DYNAMIC_NO_PIC = NO;
				GCC_NO_COMMON_BLOCKS = YES;
				GCC_OPTIMIZATION_LEVEL = 0;
				GCC_PREPROCESSOR_DEFINITIONS = (
					"DEBUG=1",
					"$(inherited)",
				);
				GCC_WARN_64_TO_32_BIT_CONVERSION = YES;
				GCC_WARN_ABOUT_RETURN_TYPE = YES_ERROR;
				GCC_WARN_UNDECLARED_SELECTOR = YES;
				GCC_WARN_UNINITIALIZED_AUTOS = YES_AGGRESSIVE;
				GCC_WARN_UNUSED_FUNCTION = YES;
				GCC_WARN_UNUSED_VARIABLE = YES;
				IPHONEOS_DEPLOYMENT_TARGET = 9.3;
				MTL_ENABLE_DEBUG_INFO = YES;
				ONLY_ACTIVE_ARCH = YES;
				SDKROOT = iphoneos;
			};
			name = Debug;
		};
		3C5AC2B71D2F922000822DD6 /* Release */ = {
			isa = XCBuildConfiguration;
			buildSettings = {
				ALWAYS_SEARCH_USER_PATHS = NO;
				CLANG_ANALYZER_NONNULL = YES;
				CLANG_CXX_LANGUAGE_STANDARD = "gnu++0x";
				CLANG_CXX_LIBRARY = "libc++";
				CLANG_ENABLE_MODULES = YES;
				CLANG_ENABLE_OBJC_ARC = YES;
				CLANG_WARN_BOOL_CONVERSION = YES;
				CLANG_WARN_CONSTANT_CONVERSION = YES;
				CLANG_WARN_DIRECT_OBJC_ISA_USAGE = YES_ERROR;
				CLANG_WARN_EMPTY_BODY = YES;
				CLANG_WARN_ENUM_CONVERSION = YES;
				CLANG_WARN_INT_CONVERSION = YES;
				CLANG_WARN_OBJC_ROOT_CLASS = YES_ERROR;
				CLANG_WARN_UNREACHABLE_CODE = YES;
				CLANG_WARN__DUPLICATE_METHOD_MATCH = YES;
				"CODE_SIGN_IDENTITY[sdk=iphoneos*]" = "iPhone Developer";
				COPY_PHASE_STRIP = NO;
				DEBUG_INFORMATION_FORMAT = "dwarf-with-dsym";
				ENABLE_NS_ASSERTIONS = NO;
				ENABLE_STRICT_OBJC_MSGSEND = YES;
				GCC_C_LANGUAGE_STANDARD = gnu99;
				GCC_NO_COMMON_BLOCKS = YES;
				GCC_WARN_64_TO_32_BIT_CONVERSION = YES;
				GCC_WARN_ABOUT_RETURN_TYPE = YES_ERROR;
				GCC_WARN_UNDECLARED_SELECTOR = YES;
				GCC_WARN_UNINITIALIZED_AUTOS = YES_AGGRESSIVE;
				GCC_WARN_UNUSED_FUNCTION = YES;
				GCC_WARN_UNUSED_VARIABLE = YES;
				IPHONEOS_DEPLOYMENT_TARGET = 9.3;
				MTL_ENABLE_DEBUG_INFO = NO;
				SDKROOT = iphoneos;
				VALIDATE_PRODUCT = YES;
			};
			name = Release;
		};
		3C5AC2B91D2F922000822DD6 /* Debug */ = {
			isa = XCBuildConfiguration;
			buildSettings = {
				ASSETCATALOG_COMPILER_APPICON_NAME = AppIcon;
				CODE_SIGN_IDENTITY = "iPhone Developer";
				"CODE_SIGN_IDENTITY[sdk=iphoneos*]" = "iPhone Developer";
				INFOPLIST_FILE = videoZhenLv/Info.plist;
				IPHONEOS_DEPLOYMENT_TARGET = 9.0;
				LD_RUNPATH_SEARCH_PATHS = "$(inherited) @executable_path/Frameworks";
				PRODUCT_BUNDLE_IDENTIFIER = com.ShingWaiChan.videoZhenLv;
				PRODUCT_NAME = "$(TARGET_NAME)";
				PROVISIONING_PROFILE = "";
			};
			name = Debug;
		};
		3C5AC2BA1D2F922000822DD6 /* Release */ = {
			isa = XCBuildConfiguration;
			buildSettings = {
				ASSETCATALOG_COMPILER_APPICON_NAME = AppIcon;
				CODE_SIGN_IDENTITY = "iPhone Developer";
				"CODE_SIGN_IDENTITY[sdk=iphoneos*]" = "iPhone Developer";
				INFOPLIST_FILE = videoZhenLv/Info.plist;
				IPHONEOS_DEPLOYMENT_TARGET = 9.0;
				LD_RUNPATH_SEARCH_PATHS = "$(inherited) @executable_path/Frameworks";
				PRODUCT_BUNDLE_IDENTIFIER = com.ShingWaiChan.videoZhenLv;
				PRODUCT_NAME = "$(TARGET_NAME)";
				PROVISIONING_PROFILE = "";
			};
			name = Release;
		};
/* End XCBuildConfiguration section */

/* Begin XCConfigurationList section */
		3C5AC29C1D2F922000822DD6 /* Build configuration list for PBXProject "videoZhenLv" */ = {
			isa = XCConfigurationList;
			buildConfigurations = (
				3C5AC2B61D2F922000822DD6 /* Debug */,
				3C5AC2B71D2F922000822DD6 /* Release */,
			);
			defaultConfigurationIsVisible = 0;
			defaultConfigurationName = Release;
		};
		3C5AC2B81D2F922000822DD6 /* Build configuration list for PBXNativeTarget "videoZhenLv" */ = {
			isa = XCConfigurationList;
			buildConfigurations = (
				3C5AC2B91D2F922000822DD6 /* Debug */,
				3C5AC2BA1D2F922000822DD6 /* Release */,
			);
			defaultConfigurationIsVisible = 0;
			defaultConfigurationName = Release;
		};
/* End XCConfigurationList section */
	};
	rootObject = 3C5AC2991D2F922000822DD6 /* Project object */;
}
